
Microsoft Visual Studio Solution File, Format Version 12.00
# Visual Studio 15
VisualStudioVersion = 15.0.28307.438
MinimumVisualStudioVersion = 10.0.40219.1
Project("{FAE04EC0-301F-11D3-BF4B-00C04F79EFBC}") = "EtherscanApi.Net", "EtherscanApi.Net\EtherscanApi.Net.csproj", "{3712706A-485A-4B23-81EB-EC6E373BFB1E}"
EndProject
Project("{FAE04EC0-301F-11D3-BF4B-00C04F79EFBC}") = "EtherScanApi.Net.Tests", "EtherScanApi.Net.Tests\EtherScanApi.Net.Tests.csproj", "{067E73FB-8AD7-4BD7-B917-7D808036D655}"
EndProject
Global
	GlobalSection(SolutionConfigurationPlatforms) = preSolution
		Debug|Any CPU = Debug|Any CPU
		Release|Any CPU = Release|Any CPU
	EndGlobalSection
	GlobalSection(ProjectConfigurationPlatforms) = postSolution
		{3712706A-485A-4B23-81EB-EC6E373BFB1E}.Debug|Any CPU.ActiveCfg = Debug|Any CPU
		{3712706A-485A-4B23-81EB-EC6E373BFB1E}.Debug|Any CPU.Build.0 = Debug|Any CPU
		{3712706A-485A-4B23-81EB-EC6E373BFB1E}.Release|Any CPU.ActiveCfg = Release|Any CPU
		{3712706A-485A-4B23-81EB-EC6E373BFB1E}.Release|Any CPU.Build.0 = Release|Any CPU
		{067E73FB-8AD7-4BD7-B917-7D808036D655}.Debug|Any CPU.ActiveCfg = Debug|Any CPU
		{067E73FB-8AD7-4BD7-B917-7D808036D655}.Debug|Any CPU.Build.0 = Debug|Any CPU
		{067E73FB-8AD7-4BD7-B917-7D808036D655}.Release|Any CPU.ActiveCfg = Release|Any CPU
		{067E73FB-8AD7-4BD7-B917-7D808036D655}.Release|Any CPU.Build.0 = Release|Any CPU
	EndGlobalSection
	GlobalSection(SolutionProperties) = preSolution
		HideSolutionNode = FALSE
	EndGlobalSection
	GlobalSection(ExtensibilityGlobals) = postSolution
		SolutionGuid = {D86DD4AE-E12C-4F97-A464-8949F1A5DA08}
	EndGlobalSection
EndGlobal
